
Microsoft Visual Studio Solution File, Format Version 12.00
# Visual Studio Version 16
VisualStudioVersion = 16.0.30011.22
MinimumVisualStudioVersion = 10.0.40219.1
Project("{FAE04EC0-301F-11D3-BF4B-00C04F79EFBC}") = "GradeBook", "GradeBook.csproj", "{5D871F56-3EA5-477B-920B-FB37FA3FE82C}"
EndProject
Global
	GlobalSection(SolutionConfigurationPlatforms) = preSolution
		Debug|Any CPU = Debug|Any CPU
		Release|Any CPU = Release|Any CPU
	EndGlobalSection
	GlobalSection(ProjectConfigurationPlatforms) = postSolution
		{5D871F56-3EA5-477B-920B-FB37FA3FE82C}.Debug|Any CPU.ActiveCfg = Debug|Any CPU
		{5D871F56-3EA5-477B-920B-FB37FA3FE82C}.Debug|Any CPU.Build.0 = Debug|Any CPU
		{5D871F56-3EA5-477B-920B-FB37FA3FE82C}.Release|Any CPU.ActiveCfg = Release|Any CPU
		{5D871F56-3EA5-477B-920B-FB37FA3FE82C}.Release|Any CPU.Build.0 = Release|Any CPU
	EndGlobalSection
	GlobalSection(SolutionProperties) = preSolution
		HideSolutionNode = FALSE
	EndGlobalSection
	GlobalSection(ExtensibilityGlobals) = postSolution
		SolutionGuid = {BBAEF5FE-F922-4794-B49D-AD639C83C116}
	EndGlobalSection
EndGlobal
